
Microsoft Visual Studio Solution File, Format Version 12.00
# Visual Studio Version 16
VisualStudioVersion = 16.0.31702.278
MinimumVisualStudioVersion = 10.0.40219.1
Project("{FAE04EC0-301F-11D3-BF4B-00C04F79EFBC}") = "KatmanliMimari", "KatmanliMimari\KatmanliMimari.csproj", "{44C2B97C-1B2E-4CC6-9DD9-3BC314541DDE}"
EndProject
Project("{FAE04EC0-301F-11D3-BF4B-00C04F79EFBC}") = "Katmanli_DAL", "Katmanli_DAL\Katmanli_DAL.csproj", "{959D3CD5-7D47-4D24-809B-0AF182E524E8}"
EndProject
Project("{FAE04EC0-301F-11D3-BF4B-00C04F79EFBC}") = "Katmanli_ENTITIES", "Katmanli_ENTITIES\Katmanli_ENTITIES.csproj", "{6DB3EF56-3498-4327-A900-E7FE9D71C367}"
EndProject
Project("{FAE04EC0-301F-11D3-BF4B-00C04F79EFBC}") = "Katmanli_REP", "Katmanli_REP\Katmanli_REP.csproj", "{CBB48325-DBDF-49D3-828F-BD760A6E22A3}"
EndProject
Project("{FAE04EC0-301F-11D3-BF4B-00C04F79EFBC}") = "Katmanli_BL", "Katmanli_BL\Katmanli_BL.csproj", "{A4DD94C2-2270-4B4F-B3DF-F884CB3A49B4}"
EndProject
Global
	GlobalSection(SolutionConfigurationPlatforms) = preSolution
		Debug|Any CPU = Debug|Any CPU
		Release|Any CPU = Release|Any CPU
	EndGlobalSection
	GlobalSection(ProjectConfigurationPlatforms) = postSolution
		{44C2B97C-1B2E-4CC6-9DD9-3BC314541DDE}.Debug|Any CPU.ActiveCfg = Debug|Any CPU
		{44C2B97C-1B2E-4CC6-9DD9-3BC314541DDE}.Debug|Any CPU.Build.0 = Debug|Any CPU
		{44C2B97C-1B2E-4CC6-9DD9-3BC314541DDE}.Release|Any CPU.ActiveCfg = Release|Any CPU
		{44C2B97C-1B2E-4CC6-9DD9-3BC314541DDE}.Release|Any CPU.Build.0 = Release|Any CPU
		{959D3CD5-7D47-4D24-809B-0AF182E524E8}.Debug|Any CPU.ActiveCfg = Debug|Any CPU
		{959D3CD5-7D47-4D24-809B-0AF182E524E8}.Debug|Any CPU.Build.0 = Debug|Any CPU
		{959D3CD5-7D47-4D24-809B-0AF182E524E8}.Release|Any CPU.ActiveCfg = Release|Any CPU
		{959D3CD5-7D47-4D24-809B-0AF182E524E8}.Release|Any CPU.Build.0 = Release|Any CPU
		{6DB3EF56-3498-4327-A900-E7FE9D71C367}.Debug|Any CPU.ActiveCfg = Debug|Any CPU
		{6DB3EF56-3498-4327-A900-E7FE9D71C367}.Debug|Any CPU.Build.0 = Debug|Any CPU
		{6DB3EF56-3498-4327-A900-E7FE9D71C367}.Release|Any CPU.ActiveCfg = Release|Any CPU
		{6DB3EF56-3498-4327-A900-E7FE9D71C367}.Release|Any CPU.Build.0 = Release|Any CPU
		{CBB48325-DBDF-49D3-828F-BD760A6E22A3}.Debug|Any CPU.ActiveCfg = Debug|Any CPU
		{CBB48325-DBDF-49D3-828F-BD760A6E22A3}.Debug|Any CPU.Build.0 = Debug|Any CPU
		{CBB48325-DBDF-49D3-828F-BD760A6E22A3}.Release|Any CPU.ActiveCfg = Release|Any CPU
		{CBB48325-DBDF-49D3-828F-BD760A6E22A3}.Release|Any CPU.Build.0 = Release|Any CPU
		{A4DD94C2-2270-4B4F-B3DF-F884CB3A49B4}.Debug|Any CPU.ActiveCfg = Debug|Any CPU
		{A4DD94C2-2270-4B4F-B3DF-F884CB3A49B4}.Debug|Any CPU.Build.0 = Debug|Any CPU
		{A4DD94C2-2270-4B4F-B3DF-F884CB3A49B4}.Release|Any CPU.ActiveCfg = Release|Any CPU
		{A4DD94C2-2270-4B4F-B3DF-F884CB3A49B4}.Release|Any CPU.Build.0 = Release|Any CPU
	EndGlobalSection
	GlobalSection(SolutionProperties) = preSolution
		HideSolutionNode = FALSE
	EndGlobalSection
	GlobalSection(ExtensibilityGlobals) = postSolution
		SolutionGuid = {C4E22B8E-F6B2-4D28-B4FD-F4255DAD955C}
	EndGlobalSection
EndGlobal
